
Microsoft Visual Studio Solution File, Format Version 12.00
# Visual Studio Version 17
VisualStudioVersion = 17.0.31903.59
MinimumVisualStudioVersion = 10.0.40219.1
Project("{9A19103F-16F7-4668-BE54-9A1E7A4F7556}") = "backend", "backend.csproj", "{484BF449-AE3B-4C5B-BC90-786CE8EE866C}"
EndProject
Global
	GlobalSection(SolutionConfigurationPlatforms) = preSolution
		Debug|Any CPU = Debug|Any CPU
		Release|Any CPU = Release|Any CPU
	EndGlobalSection
	GlobalSection(ProjectConfigurationPlatforms) = postSolution
		{484BF449-AE3B-4C5B-BC90-786CE8EE866C}.Debug|Any CPU.ActiveCfg = Debug|Any CPU
		{484BF449-AE3B-4C5B-BC90-786CE8EE866C}.Debug|Any CPU.Build.0 = Debug|Any CPU
		{484BF449-AE3B-4C5B-BC90-786CE8EE866C}.Release|Any CPU.ActiveCfg = Release|Any CPU
		{484BF449-AE3B-4C5B-BC90-786CE8EE866C}.Release|Any CPU.Build.0 = Release|Any CPU
	EndGlobalSection
	GlobalSection(SolutionProperties) = preSolution
		HideSolutionNode = FALSE
	EndGlobalSection
	GlobalSection(ExtensibilityGlobals) = postSolution
		SolutionGuid = {1E97A039-A670-4857-8465-D0ECB43E7E37}
	EndGlobalSection
EndGlobal
